// !$*UTF8*$!
{
	archiveVersion = 1;
	classes = {
	};
	objectVersion = 46;
	objects = {

/* Begin PBXBuildFile section */
		0FF4E51420BC6A17C5315A2C /* Pods_DatingAppTests.framework in Frameworks */ = {isa = PBXBuildFile; fileRef = A9B8581C73FB774817E58F44 /* Pods_DatingAppTests.framework */; };
		39E3A7EDA8812EF3F2F0A709 /* Pods_DatingApp.framework in Frameworks */ = {isa = PBXBuildFile; fileRef = 447971D19084D7BF45C582D4 /* Pods_DatingApp.framework */; };
		DD1A42451EE1E32000F1949E /* AppProvider.swift in Sources */ = {isa = PBXBuildFile; fileRef = DD1A42441EE1E32000F1949E /* AppProvider.swift */; };
		DD1A42471EE1E4E100F1949E /* ViewProvider.swift in Sources */ = {isa = PBXBuildFile; fileRef = DD1A42461EE1E4E100F1949E /* ViewProvider.swift */; };
		DD42DDB81EDF46A1007D312E /* TestViewModel.swift in Sources */ = {isa = PBXBuildFile; fileRef = DD42DDB71EDF46A1007D312E /* TestViewModel.swift */; };
		DD42DDBC1EDF471B007D312E /* TestPersonRepository.swift in Sources */ = {isa = PBXBuildFile; fileRef = DD42DDBB1EDF471B007D312E /* TestPersonRepository.swift */; };
		DD42DDBE1EDF4B4F007D312E /* TestPerson.swift in Sources */ = {isa = PBXBuildFile; fileRef = DD42DDBD1EDF4B4F007D312E /* TestPerson.swift */; };
		DD9070FB1ED773F300234DD6 /* AppDelegate.swift in Sources */ = {isa = PBXBuildFile; fileRef = DD9070FA1ED773F300234DD6 /* AppDelegate.swift */; };
		DD9070FD1ED773F300234DD6 /* ViewController.swift in Sources */ = {isa = PBXBuildFile; fileRef = DD9070FC1ED773F300234DD6 /* ViewController.swift */; };
		DD9071001ED773F300234DD6 /* Main.storyboard in Resources */ = {isa = PBXBuildFile; fileRef = DD9070FE1ED773F300234DD6 /* Main.storyboard */; };
		DD9071021ED773F300234DD6 /* Assets.xcassets in Resources */ = {isa = PBXBuildFile; fileRef = DD9071011ED773F300234DD6 /* Assets.xcassets */; };
		DD9071051ED773F300234DD6 /* LaunchScreen.storyboard in Resources */ = {isa = PBXBuildFile; fileRef = DD9071031ED773F300234DD6 /* LaunchScreen.storyboard */; };
		DD90711B1ED7749C00234DD6 /* RESTClient.swift in Sources */ = {isa = PBXBuildFile; fileRef = DD90711A1ED7749C00234DD6 /* RESTClient.swift */; };
		DD90711D1ED7792300234DD6 /* PersonRepository.swift in Sources */ = {isa = PBXBuildFile; fileRef = DD90711C1ED7792300234DD6 /* PersonRepository.swift */; };
		DD90711F1ED77ACD00234DD6 /* Person.swift in Sources */ = {isa = PBXBuildFile; fileRef = DD90711E1ED77ACD00234DD6 /* Person.swift */; };
		DD9071211ED9830500234DD6 /* ViewModel.swift in Sources */ = {isa = PBXBuildFile; fileRef = DD9071201ED9830500234DD6 /* ViewModel.swift */; };
		DD9071281EDC238200234DD6 /* PersonSwipeView.swift in Sources */ = {isa = PBXBuildFile; fileRef = DD9071271EDC238200234DD6 /* PersonSwipeView.swift */; };
		DD90712A1EDC241100234DD6 /* PersonSwipeView.xib in Resources */ = {isa = PBXBuildFile; fileRef = DD9071291EDC241100234DD6 /* PersonSwipeView.xib */; };
/* End PBXBuildFile section */

/* Begin PBXContainerItemProxy section */
		DD90710C1ED773F300234DD6 /* PBXContainerItemProxy */ = {
			isa = PBXContainerItemProxy;
			containerPortal = DD9070EF1ED773F300234DD6 /* Project object */;
			proxyType = 1;
			remoteGlobalIDString = DD9070F61ED773F300234DD6;
			remoteInfo = DatingApp;
		};
/* End PBXContainerItemProxy section */

/* Begin PBXFileReference section */
		447971D19084D7BF45C582D4 /* Pods_DatingApp.framework */ = {isa = PBXFileReference; explicitFileType = wrapper.framework; includeInIndex = 0; path = Pods_DatingApp.framework; sourceTree = BUILT_PRODUCTS_DIR; };
		6E7EAC77EA21A8982DB96951 /* Pods-DatingAppTests.debug.xcconfig */ = {isa = PBXFileReference; includeInIndex = 1; lastKnownFileType = text.xcconfig; name = "Pods-DatingAppTests.debug.xcconfig"; path = "Pods/Target Support Files/Pods-DatingAppTests/Pods-DatingAppTests.debug.xcconfig"; sourceTree = "<group>"; };
		A9B8581C73FB774817E58F44 /* Pods_DatingAppTests.framework */ = {isa = PBXFileReference; explicitFileType = wrapper.framework; includeInIndex = 0; path = Pods_DatingAppTests.framework; sourceTree = BUILT_PRODUCTS_DIR; };
		CB82240F77D4E9E3F827F93C /* Pods-DatingAppTests.release.xcconfig */ = {isa = PBXFileReference; includeInIndex = 1; lastKnownFileType = text.xcconfig; name = "Pods-DatingAppTests.release.xcconfig"; path = "Pods/Target Support Files/Pods-DatingAppTests/Pods-DatingAppTests.release.xcconfig"; sourceTree = "<group>"; };
		DD1A42441EE1E32000F1949E /* AppProvider.swift */ = {isa = PBXFileReference; fileEncoding = 4; lastKnownFileType = sourcecode.swift; path = AppProvider.swift; sourceTree = "<group>"; };
		DD1A42461EE1E4E100F1949E /* ViewProvider.swift */ = {isa = PBXFileReference; fileEncoding = 4; lastKnownFileType = sourcecode.swift; path = ViewProvider.swift; sourceTree = "<group>"; };
		DD42DDB71EDF46A1007D312E /* TestViewModel.swift */ = {isa = PBXFileReference; fileEncoding = 4; lastKnownFileType = sourcecode.swift; path = TestViewModel.swift; sourceTree = "<group>"; };
		DD42DDBB1EDF471B007D312E /* TestPersonRepository.swift */ = {isa = PBXFileReference; fileEncoding = 4; lastKnownFileType = sourcecode.swift; path = TestPersonRepository.swift; sourceTree = "<group>"; };
		DD42DDBD1EDF4B4F007D312E /* TestPerson.swift */ = {isa = PBXFileReference; fileEncoding = 4; lastKnownFileType = sourcecode.swift; path = TestPerson.swift; sourceTree = "<group>"; };
		DD9070F71ED773F300234DD6 /* DatingApp.app */ = {isa = PBXFileReference; explicitFileType = wrapper.application; includeInIndex = 0; path = DatingApp.app; sourceTree = BUILT_PRODUCTS_DIR; };
		DD9070FA1ED773F300234DD6 /* AppDelegate.swift */ = {isa = PBXFileReference; lastKnownFileType = sourcecode.swift; path = AppDelegate.swift; sourceTree = "<group>"; };
		DD9070FC1ED773F300234DD6 /* ViewController.swift */ = {isa = PBXFileReference; lastKnownFileType = sourcecode.swift; path = ViewController.swift; sourceTree = "<group>"; };
		DD9070FF1ED773F300234DD6 /* Base */ = {isa = PBXFileReference; lastKnownFileType = file.storyboard; name = Base; path = Base.lproj/Main.storyboard; sourceTree = "<group>"; };
		DD9071011ED773F300234DD6 /* Assets.xcassets */ = {isa = PBXFileReference; lastKnownFileType = folder.assetcatalog; path = Assets.xcassets; sourceTree = "<group>"; };
		DD9071041ED773F300234DD6 /* Base */ = {isa = PBXFileReference; lastKnownFileType = file.storyboard; name = Base; path = Base.lproj/LaunchScreen.storyboard; sourceTree = "<group>"; };
		DD9071061ED773F300234DD6 /* Info.plist */ = {isa = PBXFileReference; lastKnownFileType = text.plist.xml; path = Info.plist; sourceTree = "<group>"; };
		DD90710B1ED773F300234DD6 /* DatingAppTests.xctest */ = {isa = PBXFileReference; explicitFileType = wrapper.cfbundle; includeInIndex = 0; path = DatingAppTests.xctest; sourceTree = BUILT_PRODUCTS_DIR; };
		DD9071111ED773F300234DD6 /* Info.plist */ = {isa = PBXFileReference; lastKnownFileType = text.plist.xml; path = Info.plist; sourceTree = "<group>"; };
		DD90711A1ED7749C00234DD6 /* RESTClient.swift */ = {isa = PBXFileReference; fileEncoding = 4; lastKnownFileType = sourcecode.swift; path = RESTClient.swift; sourceTree = "<group>"; };
		DD90711C1ED7792300234DD6 /* PersonRepository.swift */ = {isa = PBXFileReference; fileEncoding = 4; lastKnownFileType = sourcecode.swift; path = PersonRepository.swift; sourceTree = "<group>"; };
		DD90711E1ED77ACD00234DD6 /* Person.swift */ = {isa = PBXFileReference; fileEncoding = 4; lastKnownFileType = sourcecode.swift; path = Person.swift; sourceTree = "<group>"; };
		DD9071201ED9830500234DD6 /* ViewModel.swift */ = {isa = PBXFileReference; fileEncoding = 4; lastKnownFileType = sourcecode.swift; path = ViewModel.swift; sourceTree = "<group>"; };
		DD9071271EDC238200234DD6 /* PersonSwipeView.swift */ = {isa = PBXFileReference; fileEncoding = 4; lastKnownFileType = sourcecode.swift; path = PersonSwipeView.swift; sourceTree = "<group>"; };
		DD9071291EDC241100234DD6 /* PersonSwipeView.xib */ = {isa = PBXFileReference; fileEncoding = 4; lastKnownFileType = file.xib; path = PersonSwipeView.xib; sourceTree = "<group>"; };
		E13C81CD095C2EB00DE6CAC4 /* Pods-DatingApp.debug.xcconfig */ = {isa = PBXFileReference; includeInIndex = 1; lastKnownFileType = text.xcconfig; name = "Pods-DatingApp.debug.xcconfig"; path = "Pods/Target Support Files/Pods-DatingApp/Pods-DatingApp.debug.xcconfig"; sourceTree = "<group>"; };
		F74186AB79A0E77AF617708B /* Pods-DatingApp.release.xcconfig */ = {isa = PBXFileReference; includeInIndex = 1; lastKnownFileType = text.xcconfig; name = "Pods-DatingApp.release.xcconfig"; path = "Pods/Target Support Files/Pods-DatingApp/Pods-DatingApp.release.xcconfig"; sourceTree = "<group>"; };
/* End PBXFileReference section */

/* Begin PBXFrameworksBuildPhase section */
		DD9070F41ED773F300234DD6 /* Frameworks */ = {
			isa = PBXFrameworksBuildPhase;
			buildActionMask = 2147483647;
			files = (
				39E3A7EDA8812EF3F2F0A709 /* Pods_DatingApp.framework in Frameworks */,
			);
			runOnlyForDeploymentPostprocessing = 0;
		};
		DD9071081ED773F300234DD6 /* Frameworks */ = {
			isa = PBXFrameworksBuildPhase;
			buildActionMask = 2147483647;
			files = (
				0FF4E51420BC6A17C5315A2C /* Pods_DatingAppTests.framework in Frameworks */,
			);
			runOnlyForDeploymentPostprocessing = 0;
		};
/* End PBXFrameworksBuildPhase section */

/* Begin PBXGroup section */
		11BE15B033E76036B153AE20 /* Frameworks */ = {
			isa = PBXGroup;
			children = (
				447971D19084D7BF45C582D4 /* Pods_DatingApp.framework */,
				A9B8581C73FB774817E58F44 /* Pods_DatingAppTests.framework */,
			);
			name = Frameworks;
			sourceTree = "<group>";
		};
		8B73931D04469D7DB6615DF0 /* Pods */ = {
			isa = PBXGroup;
			children = (
				E13C81CD095C2EB00DE6CAC4 /* Pods-DatingApp.debug.xcconfig */,
				F74186AB79A0E77AF617708B /* Pods-DatingApp.release.xcconfig */,
				6E7EAC77EA21A8982DB96951 /* Pods-DatingAppTests.debug.xcconfig */,
				CB82240F77D4E9E3F827F93C /* Pods-DatingAppTests.release.xcconfig */,
			);
			name = Pods;
			sourceTree = "<group>";
		};
		DD1A42481EE1E6E000F1949E /* PersonSwipeView */ = {
			isa = PBXGroup;
			children = (
				DD9071271EDC238200234DD6 /* PersonSwipeView.swift */,
				DD9071291EDC241100234DD6 /* PersonSwipeView.xib */,
			);
			name = PersonSwipeView;
			sourceTree = "<group>";
		};
		DD9070EE1ED773F200234DD6 = {
			isa = PBXGroup;
			children = (
				DD9070F91ED773F300234DD6 /* DatingApp */,
				DD90710E1ED773F300234DD6 /* DatingAppTests */,
				DD9070F81ED773F300234DD6 /* Products */,
				8B73931D04469D7DB6615DF0 /* Pods */,
				11BE15B033E76036B153AE20 /* Frameworks */,
			);
			sourceTree = "<group>";
		};
		DD9070F81ED773F300234DD6 /* Products */ = {
			isa = PBXGroup;
			children = (
				DD9070F71ED773F300234DD6 /* DatingApp.app */,
				DD90710B1ED773F300234DD6 /* DatingAppTests.xctest */,
			);
			name = Products;
			sourceTree = "<group>";
		};
		DD9070F91ED773F300234DD6 /* DatingApp */ = {
			isa = PBXGroup;
			children = (
				DD9071251EDC0BCE00234DD6 /* HTTP */,
				DD9071241EDC0BC600234DD6 /* Person */,
				DD9071261EDC0BD500234DD6 /* Views */,
				DD9070FA1ED773F300234DD6 /* AppDelegate.swift */,
				DD1A42441EE1E32000F1949E /* AppProvider.swift */,
				DD9070FE1ED773F300234DD6 /* Main.storyboard */,
				DD9071011ED773F300234DD6 /* Assets.xcassets */,
				DD9071031ED773F300234DD6 /* LaunchScreen.storyboard */,
				DD9071061ED773F300234DD6 /* Info.plist */,
			);
			path = DatingApp;
			sourceTree = "<group>";
		};
		DD90710E1ED773F300234DD6 /* DatingAppTests */ = {
			isa = PBXGroup;
			children = (
				DD9071111ED773F300234DD6 /* Info.plist */,
				DD42DDBD1EDF4B4F007D312E /* TestPerson.swift */,
				DD42DDB71EDF46A1007D312E /* TestViewModel.swift */,
				DD42DDBB1EDF471B007D312E /* TestPersonRepository.swift */,
			);
			path = DatingAppTests;
			sourceTree = "<group>";
		};
		DD9071241EDC0BC600234DD6 /* Person */ = {
			isa = PBXGroup;
			children = (
				DD90711E1ED77ACD00234DD6 /* Person.swift */,
				DD90711C1ED7792300234DD6 /* PersonRepository.swift */,
			);
			name = Person;
			sourceTree = "<group>";
		};
		DD9071251EDC0BCE00234DD6 /* HTTP */ = {
			isa = PBXGroup;
			children = (
				DD90711A1ED7749C00234DD6 /* RESTClient.swift */,
			);
			name = HTTP;
			sourceTree = "<group>";
		};
		DD9071261EDC0BD500234DD6 /* Views */ = {
			isa = PBXGroup;
			children = (
				DD1A42481EE1E6E000F1949E /* PersonSwipeView */,
				DD9071201ED9830500234DD6 /* ViewModel.swift */,
				DD9070FC1ED773F300234DD6 /* ViewController.swift */,
				DD1A42461EE1E4E100F1949E /* ViewProvider.swift */,
			);
			name = Views;
			sourceTree = "<group>";
		};
/* End PBXGroup section */

/* Begin PBXNativeTarget section */
		DD9070F61ED773F300234DD6 /* DatingApp */ = {
			isa = PBXNativeTarget;
			buildConfigurationList = DD9071141ED773F300234DD6 /* Build configuration list for PBXNativeTarget "DatingApp" */;
			buildPhases = (
				350A5012BC09BF5D60217EF8 /* [CP] Check Pods Manifest.lock */,
				DD9070F31ED773F300234DD6 /* Sources */,
				DD9070F41ED773F300234DD6 /* Frameworks */,
				DD9070F51ED773F300234DD6 /* Resources */,
				AF34B0AF6D7D3AFAAE6F049D /* [CP] Embed Pods Frameworks */,
				DA031516838CA6AD04B8967B /* [CP] Copy Pods Resources */,
			);
			buildRules = (
			);
			dependencies = (
			);
			name = DatingApp;
			productName = DatingApp;
			productReference = DD9070F71ED773F300234DD6 /* DatingApp.app */;
			productType = "com.apple.product-type.application";
		};
		DD90710A1ED773F300234DD6 /* DatingAppTests */ = {
			isa = PBXNativeTarget;
			buildConfigurationList = DD9071171ED773F300234DD6 /* Build configuration list for PBXNativeTarget "DatingAppTests" */;
			buildPhases = (
				B02B83B40B2F918AEFE297DC /* [CP] Check Pods Manifest.lock */,
				DD9071071ED773F300234DD6 /* Sources */,
				DD9071081ED773F300234DD6 /* Frameworks */,
				DD9071091ED773F300234DD6 /* Resources */,
				08B7BC5474DE5C62ED942C2A /* [CP] Embed Pods Frameworks */,
				5D11D89BB4F854CC5A6E3B0A /* [CP] Copy Pods Resources */,
			);
			buildRules = (
			);
			dependencies = (
				DD90710D1ED773F300234DD6 /* PBXTargetDependency */,
			);
			name = DatingAppTests;
			productName = DatingAppTests;
			productReference = DD90710B1ED773F300234DD6 /* DatingAppTests.xctest */;
			productType = "com.apple.product-type.bundle.unit-test";
		};
/* End PBXNativeTarget section */

/* Begin PBXProject section */
		DD9070EF1ED773F300234DD6 /* Project object */ = {
			isa = PBXProject;
			attributes = {
				LastSwiftUpdateCheck = 0830;
				LastUpgradeCheck = 0830;
				ORGANIZATIONNAME = Apro;
				TargetAttributes = {
					DD9070F61ED773F300234DD6 = {
						CreatedOnToolsVersion = 8.3.2;
						ProvisioningStyle = Automatic;
					};
					DD90710A1ED773F300234DD6 = {
						CreatedOnToolsVersion = 8.3.2;
						ProvisioningStyle = Automatic;
						TestTargetID = DD9070F61ED773F300234DD6;
					};
				};
			};
			buildConfigurationList = DD9070F21ED773F300234DD6 /* Build configuration list for PBXProject "DatingApp" */;
			compatibilityVersion = "Xcode 3.2";
			developmentRegion = English;
			hasScannedForEncodings = 0;
			knownRegions = (
				en,
				Base,
			);
			mainGroup = DD9070EE1ED773F200234DD6;
			productRefGroup = DD9070F81ED773F300234DD6 /* Products */;
			projectDirPath = "";
			projectRoot = "";
			targets = (
				DD9070F61ED773F300234DD6 /* DatingApp */,
				DD90710A1ED773F300234DD6 /* DatingAppTests */,
			);
		};
/* End PBXProject section */

/* Begin PBXResourcesBuildPhase section */
		DD9070F51ED773F300234DD6 /* Resources */ = {
			isa = PBXResourcesBuildPhase;
			buildActionMask = 2147483647;
			files = (
				DD9071051ED773F300234DD6 /* LaunchScreen.storyboard in Resources */,
				DD9071021ED773F300234DD6 /* Assets.xcassets in Resources */,
				DD90712A1EDC241100234DD6 /* PersonSwipeView.xib in Resources */,
				DD9071001ED773F300234DD6 /* Main.storyboard in Resources */,
			);
			runOnlyForDeploymentPostprocessing = 0;
		};
		DD9071091ED773F300234DD6 /* Resources */ = {
			isa = PBXResourcesBuildPhase;
			buildActionMask = 2147483647;
			files = (
			);
			runOnlyForDeploymentPostprocessing = 0;
		};
/* End PBXResourcesBuildPhase section */

/* Begin PBXShellScriptBuildPhase section */
		08B7BC5474DE5C62ED942C2A /* [CP] Embed Pods Frameworks */ = {
			isa = PBXShellScriptBuildPhase;
			buildActionMask = 2147483647;
			files = (
			);
			inputPaths = (
			);
			name = "[CP] Embed Pods Frameworks";
			outputPaths = (
			);
			runOnlyForDeploymentPostprocessing = 0;
			shellPath = /bin/sh;
			shellScript = "\"${SRCROOT}/Pods/Target Support Files/Pods-DatingAppTests/Pods-DatingAppTests-frameworks.sh\"\n";
			showEnvVarsInLog = 0;
		};
		350A5012BC09BF5D60217EF8 /* [CP] Check Pods Manifest.lock */ = {
			isa = PBXShellScriptBuildPhase;
			buildActionMask = 2147483647;
			files = (
			);
			inputPaths = (
				"${PODS_PODFILE_DIR_PATH}/Podfile.lock",
				"${PODS_ROOT}/Manifest.lock",
			);
			name = "[CP] Check Pods Manifest.lock";
			outputPaths = (
				"$(DERIVED_FILE_DIR)/Pods-DatingApp-checkManifestLockResult.txt",
			);
			runOnlyForDeploymentPostprocessing = 0;
			shellPath = /bin/sh;
			shellScript = "diff \"${PODS_PODFILE_DIR_PATH}/Podfile.lock\" \"${PODS_ROOT}/Manifest.lock\" > /dev/null\nif [ $? != 0 ] ; then\n    # print error to STDERR\n    echo \"error: The sandbox is not in sync with the Podfile.lock. Run 'pod install' or update your CocoaPods installation.\" >&2\n    exit 1\nfi\n# This output is used by Xcode 'outputs' to avoid re-running this script phase.\necho \"SUCCESS\" > \"${SCRIPT_OUTPUT_FILE_0}\"\n";
			showEnvVarsInLog = 0;
		};
		5D11D89BB4F854CC5A6E3B0A /* [CP] Copy Pods Resources */ = {
			isa = PBXShellScriptBuildPhase;
			buildActionMask = 2147483647;
			files = (
			);
			inputPaths = (
			);
			name = "[CP] Copy Pods Resources";
			outputPaths = (
			);
			runOnlyForDeploymentPostprocessing = 0;
			shellPath = /bin/sh;
			shellScript = "\"${SRCROOT}/Pods/Target Support Files/Pods-DatingAppTests/Pods-DatingAppTests-resources.sh\"\n";
			showEnvVarsInLog = 0;
		};
		AF34B0AF6D7D3AFAAE6F049D /* [CP] Embed Pods Frameworks */ = {
			isa = PBXShellScriptBuildPhase;
			buildActionMask = 2147483647;
			files = (
			);
			inputPaths = (
				"${SRCROOT}/Pods/Target Support Files/Pods-DatingApp/Pods-DatingApp-frameworks.sh",
				"${BUILT_PRODUCTS_DIR}/Kingfisher/Kingfisher.framework",
				"${BUILT_PRODUCTS_DIR}/MDCSwipeToChoose/MDCSwipeToChoose.framework",
				"${BUILT_PRODUCTS_DIR}/RxCocoa/RxCocoa.framework",
				"${BUILT_PRODUCTS_DIR}/RxSwift/RxSwift.framework",
				"${BUILT_PRODUCTS_DIR}/SwiftyJSON/SwiftyJSON.framework",
			);
			name = "[CP] Embed Pods Frameworks";
			outputPaths = (
				"${TARGET_BUILD_DIR}/${FRAMEWORKS_FOLDER_PATH}/Kingfisher.framework",
				"${TARGET_BUILD_DIR}/${FRAMEWORKS_FOLDER_PATH}/MDCSwipeToChoose.framework",
				"${TARGET_BUILD_DIR}/${FRAMEWORKS_FOLDER_PATH}/RxCocoa.framework",
				"${TARGET_BUILD_DIR}/${FRAMEWORKS_FOLDER_PATH}/RxSwift.framework",
				"${TARGET_BUILD_DIR}/${FRAMEWORKS_FOLDER_PATH}/SwiftyJSON.framework",
			);
			runOnlyForDeploymentPostprocessing = 0;
			shellPath = /bin/sh;
			shellScript = "\"${SRCROOT}/Pods/Target Support Files/Pods-DatingApp/Pods-DatingApp-frameworks.sh\"\n";
			showEnvVarsInLog = 0;
		};
		B02B83B40B2F918AEFE297DC /* [CP] Check Pods Manifest.lock */ = {
			isa = PBXShellScriptBuildPhase;
			buildActionMask = 2147483647;
			files = (
			);
			inputPaths = (
				"${PODS_PODFILE_DIR_PATH}/Podfile.lock",
				"${PODS_ROOT}/Manifest.lock",
			);
			name = "[CP] Check Pods Manifest.lock";
			outputPaths = (
				"$(DERIVED_FILE_DIR)/Pods-DatingAppTests-checkManifestLockResult.txt",
			);
			runOnlyForDeploymentPostprocessing = 0;
			shellPath = /bin/sh;
			shellScript = "diff \"${PODS_PODFILE_DIR_PATH}/Podfile.lock\" \"${PODS_ROOT}/Manifest.lock\" > /dev/null\nif [ $? != 0 ] ; then\n    # print error to STDERR\n    echo \"error: The sandbox is not in sync with the Podfile.lock. Run 'pod install' or update your CocoaPods installation.\" >&2\n    exit 1\nfi\n# This output is used by Xcode 'outputs' to avoid re-running this script phase.\necho \"SUCCESS\" > \"${SCRIPT_OUTPUT_FILE_0}\"\n";
			showEnvVarsInLog = 0;
		};
		DA031516838CA6AD04B8967B /* [CP] Copy Pods Resources */ = {
			isa = PBXShellScriptBuildPhase;
			buildActionMask = 2147483647;
			files = (
			);
			inputPaths = (
			);
			name = "[CP] Copy Pods Resources";
			outputPaths = (
			);
			runOnlyForDeploymentPostprocessing = 0;
			shellPath = /bin/sh;
			shellScript = "\"${SRCROOT}/Pods/Target Support Files/Pods-DatingApp/Pods-DatingApp-resources.sh\"\n";
			showEnvVarsInLog = 0;
		};
/* End PBXShellScriptBuildPhase section */

/* Begin PBXSourcesBuildPhase section */
		DD9070F31ED773F300234DD6 /* Sources */ = {
			isa = PBXSourcesBuildPhase;
			buildActionMask = 2147483647;
			files = (
				DD1A42451EE1E32000F1949E /* AppProvider.swift in Sources */,
				DD90711F1ED77ACD00234DD6 /* Person.swift in Sources */,
				DD90711D1ED7792300234DD6 /* PersonRepository.swift in Sources */,
				DD9070FD1ED773F300234DD6 /* ViewController.swift in Sources */,
				DD9071281EDC238200234DD6 /* PersonSwipeView.swift in Sources */,
				DD90711B1ED7749C00234DD6 /* RESTClient.swift in Sources */,
				DD9071211ED9830500234DD6 /* ViewModel.swift in Sources */,
				DD1A42471EE1E4E100F1949E /* ViewProvider.swift in Sources */,
				DD9070FB1ED773F300234DD6 /* AppDelegate.swift in Sources */,
			);
			runOnlyForDeploymentPostprocessing = 0;
		};
		DD9071071ED773F300234DD6 /* Sources */ = {
			isa = PBXSourcesBuildPhase;
			buildActionMask = 2147483647;
			files = (
				DD42DDBE1EDF4B4F007D312E /* TestPerson.swift in Sources */,
				DD42DDBC1EDF471B007D312E /* TestPersonRepository.swift in Sources */,
				DD42DDB81EDF46A1007D312E /* TestViewModel.swift in Sources */,
			);
			runOnlyForDeploymentPostprocessing = 0;
		};
/* End PBXSourcesBuildPhase section */

/* Begin PBXTargetDependency section */
		DD90710D1ED773F300234DD6 /* PBXTargetDependency */ = {
			isa = PBXTargetDependency;
			target = DD9070F61ED773F300234DD6 /* DatingApp */;
			targetProxy = DD90710C1ED773F300234DD6 /* PBXContainerItemProxy */;
		};
/* End PBXTargetDependency section */

/* Begin PBXVariantGroup section */
		DD9070FE1ED773F300234DD6 /* Main.storyboard */ = {
			isa = PBXVariantGroup;
			children = (
				DD9070FF1ED773F300234DD6 /* Base */,
			);
			name = Main.storyboard;
			sourceTree = "<group>";
		};
		DD9071031ED773F300234DD6 /* LaunchScreen.storyboard */ = {
			isa = PBXVariantGroup;
			children = (
				DD9071041ED773F300234DD6 /* Base */,
			);
			name = LaunchScreen.storyboard;
			sourceTree = "<group>";
		};
/* End PBXVariantGroup section */

/* Begin XCBuildConfiguration section */
		DD9071121ED773F300234DD6 /* Debug */ = {
			isa = XCBuildConfiguration;
			buildSettings = {
				ALWAYS_SEARCH_USER_PATHS = NO;
				CLANG_ANALYZER_NONNULL = YES;
				CLANG_ANALYZER_NUMBER_OBJECT_CONVERSION = YES_AGGRESSIVE;
				CLANG_CXX_LANGUAGE_STANDARD = "gnu++0x";
				CLANG_CXX_LIBRARY = "libc++";
				CLANG_ENABLE_MODULES = YES;
				CLANG_ENABLE_OBJC_ARC = YES;
				CLANG_WARN_BOOL_CONVERSION = YES;
				CLANG_WARN_CONSTANT_CONVERSION = YES;
				CLANG_WARN_DIRECT_OBJC_ISA_USAGE = YES_ERROR;
				CLANG_WARN_DOCUMENTATION_COMMENTS = YES;
				CLANG_WARN_EMPTY_BODY = YES;
				CLANG_WARN_ENUM_CONVERSION = YES;
				CLANG_WARN_INFINITE_RECURSION = YES;
				CLANG_WARN_INT_CONVERSION = YES;
				CLANG_WARN_OBJC_ROOT_CLASS = YES_ERROR;
				CLANG_WARN_SUSPICIOUS_MOVE = YES;
				CLANG_WARN_UNREACHABLE_CODE = YES;
				CLANG_WARN__DUPLICATE_METHOD_MATCH = YES;
				"CODE_SIGN_IDENTITY[sdk=iphoneos*]" = "iPhone Developer";
				COPY_PHASE_STRIP = NO;
				DEBUG_INFORMATION_FORMAT = dwarf;
				ENABLE_STRICT_OBJC_MSGSEND = YES;
				ENABLE_TESTABILITY = YES;
				GCC_C_LANGUAGE_STANDARD = gnu99;
				GCC_DYNAMIC_NO_PIC = NO;
				GCC_NO_COMMON_BLOCKS = YES;
				GCC_OPTIMIZATION_LEVEL = 0;
				GCC_PREPROCESSOR_DEFINITIONS = (
					"DEBUG=1",
					"$(inherited)",
				);
				GCC_WARN_64_TO_32_BIT_CONVERSION = YES;
				GCC_WARN_ABOUT_RETURN_TYPE = YES_ERROR;
				GCC_WARN_UNDECLARED_SELECTOR = YES;
				GCC_WARN_UNINITIALIZED_AUTOS = YES_AGGRESSIVE;
				GCC_WARN_UNUSED_FUNCTION = YES;
				GCC_WARN_UNUSED_VARIABLE = YES;
				IPHONEOS_DEPLOYMENT_TARGET = 9.0;
				MTL_ENABLE_DEBUG_INFO = YES;
				ONLY_ACTIVE_ARCH = YES;
				SDKROOT = iphoneos;
				SWIFT_ACTIVE_COMPILATION_CONDITIONS = DEBUG;
				SWIFT_OBJC_BRIDGING_HEADER = "";
				SWIFT_OPTIMIZATION_LEVEL = "-Onone";
			};
			name = Debug;
		};
		DD9071131ED773F300234DD6 /* Release */ = {
			isa = XCBuildConfiguration;
			buildSettings = {
				ALWAYS_SEARCH_USER_PATHS = NO;
				CLANG_ANALYZER_NONNULL = YES;
				CLANG_ANALYZER_NUMBER_OBJECT_CONVERSION = YES_AGGRESSIVE;
				CLANG_CXX_LANGUAGE_STANDARD = "gnu++0x";
				CLANG_CXX_LIBRARY = "libc++";
				CLANG_ENABLE_MODULES = YES;
				CLANG_ENABLE_OBJC_ARC = YES;
				CLANG_WARN_BOOL_CONVERSION = YES;
				CLANG_WARN_CONSTANT_CONVERSION = YES;
				CLANG_WARN_DIRECT_OBJC_ISA_USAGE = YES_ERROR;
				CLANG_WARN_DOCUMENTATION_COMMENTS = YES;
				CLANG_WARN_EMPTY_BODY = YES;
				CLANG_WARN_ENUM_CONVERSION = YES;
				CLANG_WARN_INFINITE_RECURSION = YES;
				CLANG_WARN_INT_CONVERSION = YES;
				CLANG_WARN_OBJC_ROOT_CLASS = YES_ERROR;
				CLANG_WARN_SUSPICIOUS_MOVE = YES;
				CLANG_WARN_UNREACHABLE_CODE = YES;
				CLANG_WARN__DUPLICATE_METHOD_MATCH = YES;
				"CODE_SIGN_IDENTITY[sdk=iphoneos*]" = "iPhone Developer";
				COPY_PHASE_STRIP = NO;
				DEBUG_INFORMATION_FORMAT = "dwarf-with-dsym";
				ENABLE_NS_ASSERTIONS = NO;
				ENABLE_STRICT_OBJC_MSGSEND = YES;
				GCC_C_LANGUAGE_STANDARD = gnu99;
				GCC_NO_COMMON_BLOCKS = YES;
				GCC_WARN_64_TO_32_BIT_CONVERSION = YES;
				GCC_WARN_ABOUT_RETURN_TYPE = YES_ERROR;
				GCC_WARN_UNDECLARED_SELECTOR = YES;
				GCC_WARN_UNINITIALIZED_AUTOS = YES_AGGRESSIVE;
				GCC_WARN_UNUSED_FUNCTION = YES;
				GCC_WARN_UNUSED_VARIABLE = YES;
				IPHONEOS_DEPLOYMENT_TARGET = 9.0;
				MTL_ENABLE_DEBUG_INFO = NO;
				SDKROOT = iphoneos;
				SWIFT_OBJC_BRIDGING_HEADER = "";
				SWIFT_OPTIMIZATION_LEVEL = "-Owholemodule";
				VALIDATE_PRODUCT = YES;
			};
			name = Release;
		};
		DD9071151ED773F300234DD6 /* Debug */ = {
			isa = XCBuildConfiguration;
			baseConfigurationReference = E13C81CD095C2EB00DE6CAC4 /* Pods-DatingApp.debug.xcconfig */;
			buildSettings = {
				ASSETCATALOG_COMPILER_APPICON_NAME = AppIcon;
				INFOPLIST_FILE = DatingApp/Info.plist;
				LD_RUNPATH_SEARCH_PATHS = "$(inherited) @executable_path/Frameworks";
				PRODUCT_BUNDLE_IDENTIFIER = com.github.aprofromindia.DatingApp;
				PRODUCT_NAME = "$(TARGET_NAME)";
				SWIFT_VERSION = 4.0;
			};
			name = Debug;
		};
		DD9071161ED773F300234DD6 /* Release */ = {
			isa = XCBuildConfiguration;
			baseConfigurationReference = F74186AB79A0E77AF617708B /* Pods-DatingApp.release.xcconfig */;
			buildSettings = {
				ASSETCATALOG_COMPILER_APPICON_NAME = AppIcon;
				INFOPLIST_FILE = DatingApp/Info.plist;
				LD_RUNPATH_SEARCH_PATHS = "$(inherited) @executable_path/Frameworks";
				PRODUCT_BUNDLE_IDENTIFIER = com.github.aprofromindia.DatingApp;
				PRODUCT_NAME = "$(TARGET_NAME)";
				SWIFT_VERSION = 4.0;
			};
			name = Release;
		};
		DD9071181ED773F300234DD6 /* Debug */ = {
			isa = XCBuildConfiguration;
			baseConfigurationReference = 6E7EAC77EA21A8982DB96951 /* Pods-DatingAppTests.debug.xcconfig */;
			buildSettings = {
				ALWAYS_EMBED_SWIFT_STANDARD_LIBRARIES = YES;
				BUNDLE_LOADER = "$(TEST_HOST)";
				INFOPLIST_FILE = DatingAppTests/Info.plist;
				LD_RUNPATH_SEARCH_PATHS = "$(inherited) @executable_path/Frameworks @loader_path/Frameworks";
				PRODUCT_BUNDLE_IDENTIFIER = com.github.aprofromindia.DatingAppTests;
				PRODUCT_NAME = "$(TARGET_NAME)";
				SWIFT_VERSION = 3.0;
				TEST_HOST = "$(BUILT_PRODUCTS_DIR)/DatingApp.app/DatingApp";
			};
			name = Debug;
		};
		DD9071191ED773F300234DD6 /* Release */ = {
			isa = XCBuildConfiguration;
			baseConfigurationReference = CB82240F77D4E9E3F827F93C /* Pods-DatingAppTests.release.xcconfig */;
			buildSettings = {
				ALWAYS_EMBED_SWIFT_STANDARD_LIBRARIES = YES;
				BUNDLE_LOADER = "$(TEST_HOST)";
				INFOPLIST_FILE = DatingAppTests/Info.plist;
				LD_RUNPATH_SEARCH_PATHS = "$(inherited) @executable_path/Frameworks @loader_path/Frameworks";
				PRODUCT_BUNDLE_IDENTIFIER = com.github.aprofromindia.DatingAppTests;
				PRODUCT_NAME = "$(TARGET_NAME)";
				SWIFT_VERSION = 3.0;
				TEST_HOST = "$(BUILT_PRODUCTS_DIR)/DatingApp.app/DatingApp";
			};
			name = Release;
		};
/* End XCBuildConfiguration section */

/* Begin XCConfigurationList section */
		DD9070F21ED773F300234DD6 /* Build configuration list for PBXProject "DatingApp" */ = {
			isa = XCConfigurationList;
			buildConfigurations = (
				DD9071121ED773F300234DD6 /* Debug */,
				DD9071131ED773F300234DD6 /* Release */,
			);
			defaultConfigurationIsVisible = 0;
			defaultConfigurationName = Release;
		};
		DD9071141ED773F300234DD6 /* Build configuration list for PBXNativeTarget "DatingApp" */ = {
			isa = XCConfigurationList;
			buildConfigurations = (
				DD9071151ED773F300234DD6 /* Debug */,
				DD9071161ED773F300234DD6 /* Release */,
			);
			defaultConfigurationIsVisible = 0;
			defaultConfigurationName = Release;
		};
		DD9071171ED773F300234DD6 /* Build configuration list for PBXNativeTarget "DatingAppTests" */ = {
			isa = XCConfigurationList;
			buildConfigurations = (
				DD9071181ED773F300234DD6 /* Debug */,
				DD9071191ED773F300234DD6 /* Release */,
			);
			defaultConfigurationIsVisible = 0;
			defaultConfigurationName = Release;
		};
/* End XCConfigurationList section */
	};
	rootObject = DD9070EF1ED773F300234DD6 /* Project object */;
}
